Microsoft Visual Studio Solution File, Format Version 12.00
# Visual Studio 2012
Project("{FAE04EC0-301F-11D3-BF4B-00C04F79EFBC}") = "NewHandler", "NewHandler.csproj", "{3F9E4969-E3DE-429B-ADE1-65B913562BD9}"
EndProject
Project("{FAE04EC0-301F-11D3-BF4B-00C04F79EFBC}") = "SecurityModules", "..\SecurityModules\SecurityModules.csproj", "{FD25260F-7534-456C-A198-051244940F0E}"
EndProject
Global
	GlobalSection(SolutionConfigurationPlatforms) = preSolution
		Debug|Any CPU = Debug|Any CPU
		Release|Any CPU = Release|Any CPU
	EndGlobalSection
	GlobalSection(ProjectConfigurationPlatforms) = postSolution
		{3F9E4969-E3DE-429B-ADE1-65B913562BD9}.Debug|Any CPU.ActiveCfg = Debug|Any CPU
		{3F9E4969-E3DE-429B-ADE1-65B913562BD9}.Debug|Any CPU.Build.0 = Debug|Any CPU
		{3F9E4969-E3DE-429B-ADE1-65B913562BD9}.Release|Any CPU.ActiveCfg = Release|Any CPU
		{3F9E4969-E3DE-429B-ADE1-65B913562BD9}.Release|Any CPU.Build.0 = Release|Any CPU
		{FD25260F-7534-456C-A198-051244940F0E}.Debug|Any CPU.ActiveCfg = Debug|Any CPU
		{FD25260F-7534-456C-A198-051244940F0E}.Debug|Any CPU.Build.0 = Debug|Any CPU
		{FD25260F-7534-456C-A198-051244940F0E}.Release|Any CPU.ActiveCfg = Release|Any CPU
		{FD25260F-7534-456C-A198-051244940F0E}.Release|Any CPU.Build.0 = Release|Any CPU
	EndGlobalSection
	GlobalSection(SolutionProperties) = preSolution
		HideSolutionNode = FALSE
	EndGlobalSection
EndGlobal
